
Microsoft Visual Studio Solution File, Format Version 12.00
# Visual Studio 15
VisualStudioVersion = 15.0.28307.539
MinimumVisualStudioVersion = 10.0.40219.1
Project("{FAE04EC0-301F-11D3-BF4B-00C04F79EFBC}") = "odevim", "odevim\odevim.csproj", "{BEBA5109-AE2D-4410-9A13-447B4DB9D870}"
EndProject
Global
	GlobalSection(SolutionConfigurationPlatforms) = preSolution
		Debug|Any CPU = Debug|Any CPU
		Release|Any CPU = Release|Any CPU
	EndGlobalSection
	GlobalSection(ProjectConfigurationPlatforms) = postSolution
		{BEBA5109-AE2D-4410-9A13-447B4DB9D870}.Debug|Any CPU.ActiveCfg = Debug|Any CPU
		{BEBA5109-AE2D-4410-9A13-447B4DB9D870}.Debug|Any CPU.Build.0 = Debug|Any CPU
		{BEBA5109-AE2D-4410-9A13-447B4DB9D870}.Release|Any CPU.ActiveCfg = Release|Any CPU
		{BEBA5109-AE2D-4410-9A13-447B4DB9D870}.Release|Any CPU.Build.0 = Release|Any CPU
	EndGlobalSection
	GlobalSection(SolutionProperties) = preSolution
		HideSolutionNode = FALSE
	EndGlobalSection
	GlobalSection(ExtensibilityGlobals) = postSolution
		SolutionGuid = {335FDC9A-0D07-418B-850D-C03EBE631831}
	EndGlobalSection
EndGlobal
